
Microsoft Visual Studio Solution File, Format Version 12.00
# Visual Studio Version 17
VisualStudioVersion = 17.0.31612.314
MinimumVisualStudioVersion = 10.0.40219.1
Project("{FAE04EC0-301F-11D3-BF4B-00C04F79EFBC}") = "VariablesPractice", "VariablesPractice\VariablesPractice.csproj", "{D06EB8B7-3E8A-4887-B8AE-B1FE20F9061D}"
EndProject
Global
	GlobalSection(SolutionConfigurationPlatforms) = preSolution
		Debug|Any CPU = Debug|Any CPU
		Release|Any CPU = Release|Any CPU
	EndGlobalSection
	GlobalSection(ProjectConfigurationPlatforms) = postSolution
		{D06EB8B7-3E8A-4887-B8AE-B1FE20F9061D}.Debug|Any CPU.ActiveCfg = Debug|Any CPU
		{D06EB8B7-3E8A-4887-B8AE-B1FE20F9061D}.Debug|Any CPU.Build.0 = Debug|Any CPU
		{D06EB8B7-3E8A-4887-B8AE-B1FE20F9061D}.Release|Any CPU.ActiveCfg = Release|Any CPU
		{D06EB8B7-3E8A-4887-B8AE-B1FE20F9061D}.Release|Any CPU.Build.0 = Release|Any CPU
	EndGlobalSection
	GlobalSection(SolutionProperties) = preSolution
		HideSolutionNode = FALSE
	EndGlobalSection
	GlobalSection(ExtensibilityGlobals) = postSolution
		SolutionGuid = {C2DCA62D-05D0-407B-96E5-79F3754A27B5}
	EndGlobalSection
EndGlobal
